<?xml version="1.0" encoding="utf-8"?>
<Project ToolsVersion="4.0" xmlns="http://schemas.microsoft.com/developer/msbuild/2003">
  <ItemGroup>
    <Filter Include="resource files">
      <UniqueIdentifier>{4532792c-46d6-4edb-a14b-300b443e817d}</UniqueIdentifier>
    </Filter>
    <Filter Include="common">
      <UniqueIdentifier>{e5502169-3f3c-4c25-a634-f137151a97e0}</UniqueIdentifier>
    </Filter>
    <Filter Include="particle_system">
      <UniqueIdentifier>{57742e39-47fc-43a1-a795-dbe7111695c8}</UniqueIdentifier>
    </Filter>
    <Filter Include="particle_viewer">
      <UniqueIdentifier>{75c71d1a-b90e-4e25-8552-e5f517e79cbf}</UniqueIdentifier>
    </Filter>
  </ItemGroup>
  <ItemGroup>
    <None Include="app.ico">
      <Filter>resource files</Filter>
    </None>
    <None Include="error_icon.bmp">
      <Filter>resource files</Filter>
    </None>
    <None Include="version.rch">
      <Filter>resource files</Filter>
    </None>
  </ItemGroup>
  <ItemGroup>
    <ResourceCompile Include="app.rc">
      <Filter>resource files</Filter>
    </ResourceCompile>
    <ResourceCompile Include="debug.rc">
      <Filter>resource files</Filter>
    </ResourceCompile>
  </ItemGroup>
  <ItemGroup>
    <ClInclude Include="resource_debug.h">
      <Filter>resource files</Filter>
    </ClInclude>
    <ClInclude Include="version.h">
      <Filter>resource files</Filter>
    </ClInclude>
    <ClInclude Include="winres.h">
      <Filter>resource files</Filter>
    </ClInclude>
    <ClInclude Include="common\cheat_manager.h">
      <Filter>common</Filter>
    </ClInclude>
    <ClInclude Include="common\general_loop.h">
      <Filter>common</Filter>
    </ClInclude>
    <ClInclude Include="common\loop.h">
      <Filter>common</Filter>
    </ClInclude>
    <ClInclude Include="common\periodic_event.h">
      <Filter>common</Filter>
    </ClInclude>
    <ClInclude Include="game_types.h" />
    <ClInclude Include="tag_manager.h" />
    <ClInclude Include="head.h" />
    <ClInclude Include="particle_system\param_accessor.h">
      <Filter>particle_system</Filter>
    </ClInclude>
    <ClInclude Include="particle_system\param_info_holder.h">
      <Filter>particle_system</Filter>
    </ClInclude>
    <ClInclude Include="particle_system\particle_system.h">
      <Filter>particle_system</Filter>
    </ClInclude>
    <ClInclude Include="particle_system\processor.h">
      <Filter>particle_system</Filter>
    </ClInclude>
    <ClInclude Include="particle_system\processor_acceleration.h">
      <Filter>particle_system</Filter>
    </ClInclude>
    <ClInclude Include="particle_system\processor_rotation.h">
      <Filter>particle_system</Filter>
    </ClInclude>
    <ClInclude Include="particle_viewer\particle_viewer.h">
      <Filter>particle_viewer</Filter>
    </ClInclude>
    <ClInclude Include="particle_system\base_params.h">
      <Filter>particle_system</Filter>
    </ClInclude>
    <ClInclude Include="particle_system\inspector.h">
      <Filter>particle_system</Filter>
    </ClInclude>
    <ClInclude Include="particle_system\emitter.h">
      <Filter>particle_system</Filter>
    </ClInclude>
    <ClInclude Include="particle_system\emitter_rect.h">
      <Filter>particle_system</Filter>
    </ClInclude>
    <ClInclude Include="particle_system\processor_aging.h">
      <Filter>particle_system</Filter>
    </ClInclude>
    <ClInclude Include="particle_system\curve.h">
      <Filter>particle_system</Filter>
    </ClInclude>
    <ClInclude Include="particle_system\fetcher.h">
      <Filter>particle_system</Filter>
    </ClInclude>
    <ClInclude Include="particle_system\processor_scale_over_lifetime.h">
      <Filter>particle_system</Filter>
    </ClInclude>
    <ClInclude Include="particle_viewer\normal_particle_control.h">
      <Filter>particle_viewer</Filter>
    </ClInclude>
    <ClInclude Include="particle_viewer\normal_particle_renderer.h">
      <Filter>particle_viewer</Filter>
    </ClInclude>
    <ClInclude Include="particle_viewer\generated_particle_control.h">
      <Filter>particle_viewer</Filter>
    </ClInclude>
    <ClInclude Include="particle_viewer\generated_particle_renderer.h">
      <Filter>particle_viewer</Filter>
    </ClInclude>
  </ItemGroup>
  <ItemGroup>
    <ClCompile Include="common\cheat_manager.cpp">
      <Filter>common</Filter>
    </ClCompile>
    <ClCompile Include="common\general_loop.cpp">
      <Filter>common</Filter>
    </ClCompile>
    <ClCompile Include="common\periodic_event.cpp">
      <Filter>common</Filter>
    </ClCompile>
    <ClCompile Include="game_api.cpp" />
    <ClCompile Include="head.cpp" />
    <ClCompile Include="main.cpp" />
    <ClCompile Include="tag_manager.cpp" />
    <ClCompile Include="particle_system\param_info_holder.cpp">
      <Filter>particle_system</Filter>
    </ClCompile>
    <ClCompile Include="particle_system\particle_system.cpp">
      <Filter>particle_system</Filter>
    </ClCompile>
    <ClCompile Include="particle_system\processor_acceleration.cpp">
      <Filter>particle_system</Filter>
    </ClCompile>
    <ClCompile Include="particle_system\processor_rotation.cpp">
      <Filter>particle_system</Filter>
    </ClCompile>
    <ClCompile Include="particle_viewer\particle_viewer.cpp">
      <Filter>particle_viewer</Filter>
    </ClCompile>
    <ClCompile Include="particle_system\emitter_rect.cpp">
      <Filter>particle_system</Filter>
    </ClCompile>
    <ClCompile Include="particle_system\processor_aging.cpp">
      <Filter>particle_system</Filter>
    </ClCompile>
    <ClCompile Include="particle_system\processor_scale_over_lifetime.cpp">
      <Filter>particle_system</Filter>
    </ClCompile>
    <ClCompile Include="particle_viewer\normal_particle_control.cpp">
      <Filter>particle_viewer</Filter>
    </ClCompile>
    <ClCompile Include="particle_viewer\normal_particle_renderer.cpp">
      <Filter>particle_viewer</Filter>
    </ClCompile>
    <ClCompile Include="particle_viewer\generated_particle_control.cpp">
      <Filter>particle_viewer</Filter>
    </ClCompile>
    <ClCompile Include="particle_viewer\generated_particle_renderer.cpp">
      <Filter>particle_viewer</Filter>
    </ClCompile>
  </ItemGroup>
</Project>